
Microsoft Visual Studio Solution File, Format Version 12.00
# Visual Studio Version 16
VisualStudioVersion = 16.0.30011.22
MinimumVisualStudioVersion = 10.0.40219.1
Project("{FAE04EC0-301F-11D3-BF4B-00C04F79EFBC}") = "GridPopup", "GridPopup.csproj", "{4629C208-B0C1-4067-8EFB-CE6E05DF5D10}"
EndProject
Global
	GlobalSection(SolutionConfigurationPlatforms) = preSolution
		Debug|Any CPU = Debug|Any CPU
		Release|Any CPU = Release|Any CPU
	EndGlobalSection
	GlobalSection(ProjectConfigurationPlatforms) = postSolution
		{4629C208-B0C1-4067-8EFB-CE6E05DF5D10}.Debug|Any CPU.ActiveCfg = Debug|Any CPU
		{4629C208-B0C1-4067-8EFB-CE6E05DF5D10}.Debug|Any CPU.Build.0 = Debug|Any CPU
		{4629C208-B0C1-4067-8EFB-CE6E05DF5D10}.Release|Any CPU.ActiveCfg = Release|Any CPU
		{4629C208-B0C1-4067-8EFB-CE6E05DF5D10}.Release|Any CPU.Build.0 = Release|Any CPU
	EndGlobalSection
	GlobalSection(SolutionProperties) = preSolution
		HideSolutionNode = FALSE
	EndGlobalSection
	GlobalSection(ExtensibilityGlobals) = postSolution
		SolutionGuid = {74DF9034-BEAB-4D30-98CA-E9A38C022B45}
	EndGlobalSection
EndGlobal
